
Microsoft Visual Studio Solution File, Format Version 12.00
# Visual Studio Version 16
VisualStudioVersion = 16.0.31019.35
MinimumVisualStudioVersion = 10.0.40219.1
Project("{FAE04EC0-301F-11D3-BF4B-00C04F79EFBC}") = "ApiRestCrudAlfa", "ApiRestCrudAlfa\ApiRestCrudAlfa.csproj", "{3EB095F3-748B-4F4A-B64E-6F2431E05E17}"
EndProject
Global
	GlobalSection(SolutionConfigurationPlatforms) = preSolution
		Debug|Any CPU = Debug|Any CPU
		Release|Any CPU = Release|Any CPU
	EndGlobalSection
	GlobalSection(ProjectConfigurationPlatforms) = postSolution
		{3EB095F3-748B-4F4A-B64E-6F2431E05E17}.Debug|Any CPU.ActiveCfg = Debug|Any CPU
		{3EB095F3-748B-4F4A-B64E-6F2431E05E17}.Debug|Any CPU.Build.0 = Debug|Any CPU
		{3EB095F3-748B-4F4A-B64E-6F2431E05E17}.Release|Any CPU.ActiveCfg = Release|Any CPU
		{3EB095F3-748B-4F4A-B64E-6F2431E05E17}.Release|Any CPU.Build.0 = Release|Any CPU
	EndGlobalSection
	GlobalSection(SolutionProperties) = preSolution
		HideSolutionNode = FALSE
	EndGlobalSection
	GlobalSection(ExtensibilityGlobals) = postSolution
		SolutionGuid = {9B79A636-8393-4176-93B3-DA20960B0394}
	EndGlobalSection
EndGlobal
